hash: 4d0ba40a1f249a17c354bd58e0d3860d1b2fb544b775690941dbbd8457da705d
updated: 2017-07-25T15:52:28.545106664+02:00
imports:
- name: github.com/coreos/etcd
  version: 61fc123e7a8b14a0a258aa3f5c4159861b1ec2e7
  subpackages:
  - auth/authpb
  - client
  - clientv3
  - etcdserver/api/v3rpc/rpctypes
  - etcdserver/etcdserverpb
  - mvcc/mvccpb
  - pkg/pathutil
  - pkg/srv
  - pkg/types
  - version
- name: github.com/coreos/go-semver
  version: 8ab6407b697782a06568d4b7f1db25550ec2e4c6
  subpackages:
  - semver
- name: github.com/giantswarm/microkit
  version: c2f273484a749a94402dc3cfbd02913f57995484
  subpackages:
  - error
  - logger
  - storage
  - storage/etcd
  - storage/etcdv2
  - storage/memory
  - tls
- name: github.com/go-kit/kit
  version: a9ca6725cbbea455e61c6bc8a1ed28e81eb3493b
  subpackages:
  - endpoint
  - log
  - transport/http
- name: github.com/go-logfmt/logfmt
  version: 390ab7935ee28ec6b286364bba9b4dd6410cb3d5
- name: github.com/go-stack/stack
  version: 54be5f394ed2c3e19dac9134a40a95ba5a017f7b
- name: github.com/golang/protobuf
  version: 4bd1920723d7b7c925de087aa32e2187708897f7
  subpackages:
  - jsonpb
  - proto
- name: github.com/juju/errgo
  version: 08cceb5d0b5331634b9826762a8fd53b29b86ad8
- name: github.com/kr/logfmt
  version: b84e30acd515aadc4b783ad4ff83aff3299bdfe0
- name: github.com/ugorji/go
  version: ded73eae5db7e7a0ef6f55aace87a2873c5d2b74
  subpackages:
  - codec
- name: golang.org/x/net
  version: c8c74377599bd978aee1cf3b9b63a8634051cec2
  subpackages:
  - context
  - http2
  - http2/hpack
  - idna
  - internal/timeseries
  - lex/httplex
  - trace
- name: golang.org/x/text
  version: 4ee4af566555f5fbe026368b75596286a312663a
  subpackages:
  - secure/bidirule
  - transform
  - unicode/bidi
  - unicode/norm
- name: google.golang.org/grpc
  version: 8050b9cbc271307e5a716a9d782803d09b0d6f2d
  subpackages:
  - codes
  - credentials
  - grpclog
  - internal
  - keepalive
  - metadata
  - naming
  - peer
  - stats
  - tap
  - transport
testImports: []
